
Microsoft Visual Studio Solution File, Format Version 12.00
# Visual Studio Version 17
VisualStudioVersion = 17.4.33205.214
MinimumVisualStudioVersion = 10.0.40219.1
Project("{FAE04EC0-301F-11D3-BF4B-00C04F79EFBC}") = "FMusic", "FMusic.csproj", "{A69C0FA3-DDBF-4A1D-BC05-8C9437E0A08A}"
EndProject
Global
	GlobalSection(SolutionConfigurationPlatforms) = preSolution
		Debug|Any CPU = Debug|Any CPU
		Release|Any CPU = Release|Any CPU
	EndGlobalSection
	GlobalSection(ProjectConfigurationPlatforms) = postSolution
		{A69C0FA3-DDBF-4A1D-BC05-8C9437E0A08A}.Debug|Any CPU.ActiveCfg = Debug|Any CPU
		{A69C0FA3-DDBF-4A1D-BC05-8C9437E0A08A}.Debug|Any CPU.Build.0 = Debug|Any CPU
		{A69C0FA3-DDBF-4A1D-BC05-8C9437E0A08A}.Release|Any CPU.ActiveCfg = Release|Any CPU
		{A69C0FA3-DDBF-4A1D-BC05-8C9437E0A08A}.Release|Any CPU.Build.0 = Release|Any CPU
	EndGlobalSection
	GlobalSection(SolutionProperties) = preSolution
		HideSolutionNode = FALSE
	EndGlobalSection
	GlobalSection(ExtensibilityGlobals) = postSolution
		SolutionGuid = {68216E5E-BC98-45FE-9A3D-6CD2BFC13BB4}
	EndGlobalSection
EndGlobal
